
Microsoft Visual Studio Solution File, Format Version 12.00
# Visual Studio 15
VisualStudioVersion = 15.0.27130.2036
MinimumVisualStudioVersion = 10.0.40219.1
Project("{FAE04EC0-301F-11D3-BF4B-00C04F79EFBC}") = "KoreApi", "KoreApi\KoreApi.csproj", "{290657BA-2476-404C-BA4D-BA7B8B1F930B}"
EndProject
Global
	GlobalSection(SolutionConfigurationPlatforms) = preSolution
		Debug|Any CPU = Debug|Any CPU
		Release|Any CPU = Release|Any CPU
	EndGlobalSection
	GlobalSection(ProjectConfigurationPlatforms) = postSolution
		{290657BA-2476-404C-BA4D-BA7B8B1F930B}.Debug|Any CPU.ActiveCfg = Debug|Any CPU
		{290657BA-2476-404C-BA4D-BA7B8B1F930B}.Debug|Any CPU.Build.0 = Debug|Any CPU
		{290657BA-2476-404C-BA4D-BA7B8B1F930B}.Release|Any CPU.ActiveCfg = Release|Any CPU
		{290657BA-2476-404C-BA4D-BA7B8B1F930B}.Release|Any CPU.Build.0 = Release|Any CPU
	EndGlobalSection
	GlobalSection(SolutionProperties) = preSolution
		HideSolutionNode = FALSE
	EndGlobalSection
	GlobalSection(ExtensibilityGlobals) = postSolution
		SolutionGuid = {6FDA98DB-BEC5-4E0A-BE52-44F682C8FCBC}
	EndGlobalSection
EndGlobal
