
Microsoft Visual Studio Solution File, Format Version 12.00
# Visual Studio 15
VisualStudioVersion = 15.0.26730.15
MinimumVisualStudioVersion = 10.0.40219.1
Project("{9A19103F-16F7-4668-BE54-9A1E7A4F7556}") = "core_backend", "core_backend.csproj", "{89040458-3F27-4251-B6AE-63DFD6F60DFC}"
EndProject
Global
	GlobalSection(SolutionConfigurationPlatforms) = preSolution
		Debug|Any CPU = Debug|Any CPU
		Release|Any CPU = Release|Any CPU
	EndGlobalSection
	GlobalSection(ProjectConfigurationPlatforms) = postSolution
		{89040458-3F27-4251-B6AE-63DFD6F60DFC}.Debug|Any CPU.ActiveCfg = Debug|Any CPU
		{89040458-3F27-4251-B6AE-63DFD6F60DFC}.Debug|Any CPU.Build.0 = Debug|Any CPU
		{89040458-3F27-4251-B6AE-63DFD6F60DFC}.Release|Any CPU.ActiveCfg = Release|Any CPU
		{89040458-3F27-4251-B6AE-63DFD6F60DFC}.Release|Any CPU.Build.0 = Release|Any CPU
	EndGlobalSection
	GlobalSection(SolutionProperties) = preSolution
		HideSolutionNode = FALSE
	EndGlobalSection
	GlobalSection(ExtensibilityGlobals) = postSolution
		SolutionGuid = {762BA261-B1D5-47EF-899C-F466A7330A4B}
	EndGlobalSection
EndGlobal
